# This file is automatically @generated by Cargo.
# It is not intended for manual editing.
version = 4

[[package]]
name = "CircularBuffer"
version = "0.1.0"
dependencies = [
 "circular-buffer",
]

[[package]]
name = "circular-buffer"
version = "2.0.1"
source = "registry+https://github.com/rust-lang/crates.io-index"
checksum = "662f6b21c6e889ee4e3f449e197c40f03603472fcd40c709093d386e3dca07cf"
